
Microsoft Visual Studio Solution File, Format Version 12.00
Project("{FAE04EC0-301F-11D3-BF4B-00C04F79EFBC}") = "PracticeCsharp", "PracticeCsharp\PracticeCsharp.csproj", "{EE39BFE3-556E-4AD5-94A8-025594AC947B}"
EndProject
Project("{FAE04EC0-301F-11D3-BF4B-00C04F79EFBC}") = "ReflectionPractice", "ReflectionPractice\ReflectionPractice.csproj", "{24C3B87D-E479-44F5-8788-6F14DBEA51A4}"
EndProject
Project("{FAE04EC0-301F-11D3-BF4B-00C04F79EFBC}") = "ExceptionPractice", "ExceptionPractice\ExceptionPractice.csproj", "{30A73C79-755F-4A3E-9A34-1CC53BB4F4A1}"
EndProject
Global
	GlobalSection(SolutionConfigurationPlatforms) = preSolution
		Debug|Any CPU = Debug|Any CPU
		Release|Any CPU = Release|Any CPU
	EndGlobalSection
	GlobalSection(ProjectConfigurationPlatforms) = postSolution
		{EE39BFE3-556E-4AD5-94A8-025594AC947B}.Debug|Any CPU.ActiveCfg = Debug|Any CPU
		{EE39BFE3-556E-4AD5-94A8-025594AC947B}.Debug|Any CPU.Build.0 = Debug|Any CPU
		{EE39BFE3-556E-4AD5-94A8-025594AC947B}.Release|Any CPU.ActiveCfg = Release|Any CPU
		{EE39BFE3-556E-4AD5-94A8-025594AC947B}.Release|Any CPU.Build.0 = Release|Any CPU
		{24C3B87D-E479-44F5-8788-6F14DBEA51A4}.Debug|Any CPU.ActiveCfg = Debug|Any CPU
		{24C3B87D-E479-44F5-8788-6F14DBEA51A4}.Debug|Any CPU.Build.0 = Debug|Any CPU
		{24C3B87D-E479-44F5-8788-6F14DBEA51A4}.Release|Any CPU.ActiveCfg = Release|Any CPU
		{24C3B87D-E479-44F5-8788-6F14DBEA51A4}.Release|Any CPU.Build.0 = Release|Any CPU
		{30A73C79-755F-4A3E-9A34-1CC53BB4F4A1}.Debug|Any CPU.ActiveCfg = Debug|Any CPU
		{30A73C79-755F-4A3E-9A34-1CC53BB4F4A1}.Debug|Any CPU.Build.0 = Debug|Any CPU
		{30A73C79-755F-4A3E-9A34-1CC53BB4F4A1}.Release|Any CPU.ActiveCfg = Release|Any CPU
		{30A73C79-755F-4A3E-9A34-1CC53BB4F4A1}.Release|Any CPU.Build.0 = Release|Any CPU
	EndGlobalSection
EndGlobal
